
Microsoft Visual Studio Solution File, Format Version 10.00
# Visual Studio 2008
Project("{FAE04EC0-301F-11D3-BF4B-00C04F79EFBC}") = "PcProgram", "PcProgram\PcProgram.csproj", "{965A7F54-9187-4E6D-B225-199243D17069}"
EndProject
Global
	GlobalSection(SolutionConfigurationPlatforms) = preSolution
		Debug|Any CPU = Debug|Any CPU
		Release|Any CPU = Release|Any CPU
	EndGlobalSection
	GlobalSection(ProjectConfigurationPlatforms) = postSolution
		{965A7F54-9187-4E6D-B225-199243D17069}.Debug|Any CPU.ActiveCfg = Debug|Any CPU
		{965A7F54-9187-4E6D-B225-199243D17069}.Debug|Any CPU.Build.0 = Debug|Any CPU
		{965A7F54-9187-4E6D-B225-199243D17069}.Release|Any CPU.ActiveCfg = Release|Any CPU
		{965A7F54-9187-4E6D-B225-199243D17069}.Release|Any CPU.Build.0 = Release|Any CPU
	EndGlobalSection
	GlobalSection(SolutionProperties) = preSolution
		HideSolutionNode = FALSE
	EndGlobalSection
EndGlobal
